// !$*UTF8*$!
{
	archiveVersion = 1;
	classes = {
	};
	objectVersion = 50;
	objects = {

/* Begin PBXBuildFile section */
		E2BF1A55245403E200C0029B /* AppDelegate.swift in Sources */ = {isa = PBXBuildFile; fileRef = E2BF1A54245403E200C0029B /* AppDelegate.swift */; };
		E2BF1A57245403E200C0029B /* SceneDelegate.swift in Sources */ = {isa = PBXBuildFile; fileRef = E2BF1A56245403E200C0029B /* SceneDelegate.swift */; };
		E2BF1A59245403E200C0029B /* ViewController.swift in Sources */ = {isa = PBXBuildFile; fileRef = E2BF1A58245403E200C0029B /* ViewController.swift */; };
		E2BF1A5C245403E200C0029B /* Main.storyboard in Resources */ = {isa = PBXBuildFile; fileRef = E2BF1A5A245403E200C0029B /* Main.storyboard */; };
		E2BF1A5E245403E600C0029B /* Assets.xcassets in Resources */ = {isa = PBXBuildFile; fileRef = E2BF1A5D245403E600C0029B /* Assets.xcassets */; };
		E2BF1A61245403E600C0029B /* LaunchScreen.storyboard in Resources */ = {isa = PBXBuildFile; fileRef = E2BF1A5F245403E600C0029B /* LaunchScreen.storyboard */; };
		E2BF1A6D2454291D00C0029B /* main.swift in Sources */ = {isa = PBXBuildFile; fileRef = E2BF1A6C2454291D00C0029B /* main.swift */; };
		E2BF1A6F2454292E00C0029B /* CustomApplication.swift in Sources */ = {isa = PBXBuildFile; fileRef = E2BF1A6E2454292E00C0029B /* CustomApplication.swift */; };
/* End PBXBuildFile section */

/* Begin PBXFileReference section */
		E2BF1A51245403E200C0029B /* InitalFlowDemo.app */ = {isa = PBXFileReference; explicitFileType = wrapper.application; includeInIndex = 0; path = InitalFlowDemo.app; sourceTree = BUILT_PRODUCTS_DIR; };
		E2BF1A54245403E200C0029B /* AppDelegate.swift */ = {isa = PBXFileReference; lastKnownFileType = sourcecode.swift; path = AppDelegate.swift; sourceTree = "<group>"; };
		E2BF1A56245403E200C0029B /* SceneDelegate.swift */ = {isa = PBXFileReference; lastKnownFileType = sourcecode.swift; path = SceneDelegate.swift; sourceTree = "<group>"; };
		E2BF1A58245403E200C0029B /* ViewController.swift */ = {isa = PBXFileReference; lastKnownFileType = sourcecode.swift; path = ViewController.swift; sourceTree = "<group>"; };
		E2BF1A5B245403E200C0029B /* Base */ = {isa = PBXFileReference; lastKnownFileType = file.storyboard; name = Base; path = Base.lproj/Main.storyboard; sourceTree = "<group>"; };
		E2BF1A5D245403E600C0029B /* Assets.xcassets */ = {isa = PBXFileReference; lastKnownFileType = folder.assetcatalog; path = Assets.xcassets; sourceTree = "<group>"; };
		E2BF1A60245403E600C0029B /* Base */ = {isa = PBXFileReference; lastKnownFileType = file.storyboard; name = Base; path = Base.lproj/LaunchScreen.storyboard; sourceTree = "<group>"; };
		E2BF1A62245403E600C0029B /* Info.plist */ = {isa = PBXFileReference; lastKnownFileType = text.plist.xml; path = Info.plist; sourceTree = "<group>"; };
		E2BF1A6C2454291D00C0029B /* main.swift */ = {isa = PBXFileReference; fileEncoding = 4; lastKnownFileType = sourcecode.swift; path = main.swift; sourceTree = "<group>"; };
		E2BF1A6E2454292E00C0029B /* CustomApplication.swift */ = {isa = PBXFileReference; lastKnownFileType = sourcecode.swift; path = CustomApplication.swift; sourceTree = "<group>"; };
/* End PBXFileReference section */

/* Begin PBXFrameworksBuildPhase section */
		E2BF1A4E245403E200C0029B /* Frameworks */ = {
			isa = PBXFrameworksBuildPhase;
			buildActionMask = 2147483647;
			files = (
			);
			runOnlyForDeploymentPostprocessing = 0;
		};
/* End PBXFrameworksBuildPhase section */

/* Begin PBXGroup section */
		E2BF1A48245403E200C0029B = {
			isa = PBXGroup;
			children = (
				E2BF1A53245403E200C0029B /* InitalFlowDemo */,
				E2BF1A52245403E200C0029B /* Products */,
			);
			sourceTree = "<group>";
		};
		E2BF1A52245403E200C0029B /* Products */ = {
			isa = PBXGroup;
			children = (
				E2BF1A51245403E200C0029B /* InitalFlowDemo.app */,
			);
			name = Products;
			sourceTree = "<group>";
		};
		E2BF1A53245403E200C0029B /* InitalFlowDemo */ = {
			isa = PBXGroup;
			children = (
				E2BF1A6C2454291D00C0029B /* main.swift */,
				E2BF1A6E2454292E00C0029B /* CustomApplication.swift */,
				E2BF1A54245403E200C0029B /* AppDelegate.swift */,
				E2BF1A56245403E200C0029B /* SceneDelegate.swift */,
				E2BF1A58245403E200C0029B /* ViewController.swift */,
				E2BF1A5A245403E200C0029B /* Main.storyboard */,
				E2BF1A5D245403E600C0029B /* Assets.xcassets */,
				E2BF1A5F245403E600C0029B /* LaunchScreen.storyboard */,
				E2BF1A62245403E600C0029B /* Info.plist */,
			);
			path = InitalFlowDemo;
			sourceTree = "<group>";
		};
/* End PBXGroup section */

/* Begin PBXNativeTarget section */
		E2BF1A50245403E200C0029B /* InitalFlowDemo */ = {
			isa = PBXNativeTarget;
			buildConfigurationList = E2BF1A65245403E600C0029B /* Build configuration list for PBXNativeTarget "InitalFlowDemo" */;
			buildPhases = (
				E2BF1A4D245403E200C0029B /* Sources */,
				E2BF1A4E245403E200C0029B /* Frameworks */,
				E2BF1A4F245403E200C0029B /* Resources */,
			);
			buildRules = (
			);
			dependencies = (
			);
			name = InitalFlowDemo;
			productName = InitalFlowDemo;
			productReference = E2BF1A51245403E200C0029B /* InitalFlowDemo.app */;
			productType = "com.apple.product-type.application";
		};
/* End PBXNativeTarget section */

/* Begin PBXProject section */
		E2BF1A49245403E200C0029B /* Project object */ = {
			isa = PBXProject;
			attributes = {
				LastSwiftUpdateCheck = 1130;
				LastUpgradeCheck = 1130;
				ORGANIZATIONNAME = zgpeace;
				TargetAttributes = {
					E2BF1A50245403E200C0029B = {
						CreatedOnToolsVersion = 11.3;
					};
				};
			};
			buildConfigurationList = E2BF1A4C245403E200C0029B /* Build configuration list for PBXProject "InitalFlowDemo" */;
			compatibilityVersion = "Xcode 9.3";
			developmentRegion = en;
			hasScannedForEncodings = 0;
			knownRegions = (
				en,
				Base,
			);
			mainGroup = E2BF1A48245403E200C0029B;
			productRefGroup = E2BF1A52245403E200C0029B /* Products */;
			projectDirPath = "";
			projectRoot = "";
			targets = (
				E2BF1A50245403E200C0029B /* InitalFlowDemo */,
			);
		};
/* End PBXProject section */

/* Begin PBXResourcesBuildPhase section */
		E2BF1A4F245403E200C0029B /* Resources */ = {
			isa = PBXResourcesBuildPhase;
			buildActionMask = 2147483647;
			files = (
				E2BF1A61245403E600C0029B /* LaunchScreen.storyboard in Resources */,
				E2BF1A5E245403E600C0029B /* Assets.xcassets in Resources */,
				E2BF1A5C245403E200C0029B /* Main.storyboard in Resources */,
			);
			runOnlyForDeploymentPostprocessing = 0;
		};
/* End PBXResourcesBuildPhase section */

/* Begin PBXSourcesBuildPhase section */
		E2BF1A4D245403E200C0029B /* Sources */ = {
			isa = PBXSourcesBuildPhase;
			buildActionMask = 2147483647;
			files = (
				E2BF1A59245403E200C0029B /* ViewController.swift in Sources */,
				E2BF1A6F2454292E00C0029B /* CustomApplication.swift in Sources */,
				E2BF1A55245403E200C0029B /* AppDelegate.swift in Sources */,
				E2BF1A6D2454291D00C0029B /* main.swift in Sources */,
				E2BF1A57245403E200C0029B /* SceneDelegate.swift in Sources */,
			);
			runOnlyForDeploymentPostprocessing = 0;
		};
/* End PBXSourcesBuildPhase section */

/* Begin PBXVariantGroup section */
		E2BF1A5A245403E200C0029B /* Main.storyboard */ = {
			isa = PBXVariantGroup;
			children = (
				E2BF1A5B245403E200C0029B /* Base */,
			);
			name = Main.storyboard;
			sourceTree = "<group>";
		};
		E2BF1A5F245403E600C0029B /* LaunchScreen.storyboard */ = {
			isa = PBXVariantGroup;
			children = (
				E2BF1A60245403E600C0029B /* Base */,
			);
			name = LaunchScreen.storyboard;
			sourceTree = "<group>";
		};
/* End PBXVariantGroup section */

/* Begin XCBuildConfiguration section */
		E2BF1A63245403E600C0029B /* Debug */ = {
			isa = XCBuildConfiguration;
			buildSettings = {
				ALWAYS_SEARCH_USER_PATHS = NO;
				CLANG_ANALYZER_NONNULL = YES;
				CLANG_ANALYZER_NUMBER_OBJECT_CONVERSION = YES_AGGRESSIVE;
				CLANG_CXX_LANGUAGE_STANDARD = "gnu++14";
				CLANG_CXX_LIBRARY = "libc++";
				CLANG_ENABLE_MODULES = YES;
				CLANG_ENABLE_OBJC_ARC = YES;
				CLANG_ENABLE_OBJC_WEAK = YES;
				CLANG_WARN_BLOCK_CAPTURE_AUTORELEASING = YES;
				CLANG_WARN_BOOL_CONVERSION = YES;
				CLANG_WARN_COMMA = YES;
				CLANG_WARN_CONSTANT_CONVERSION = YES;
				CLANG_WARN_DEPRECATED_OBJC_IMPLEMENTATIONS = YES;
				CLANG_WARN_DIRECT_OBJC_ISA_USAGE = YES_ERROR;
				CLANG_WARN_DOCUMENTATION_COMMENTS = YES;
				CLANG_WARN_EMPTY_BODY = YES;
				CLANG_WARN_ENUM_CONVERSION = YES;
				CLANG_WARN_INFINITE_RECURSION = YES;
				CLANG_WARN_INT_CONVERSION = YES;
				CLANG_WARN_NON_LITERAL_NULL_CONVERSION = YES;
				CLANG_WARN_OBJC_IMPLICIT_RETAIN_SELF = YES;
				CLANG_WARN_OBJC_LITERAL_CONVERSION = YES;
				CLANG_WARN_OBJC_ROOT_CLASS = YES_ERROR;
				CLANG_WARN_RANGE_LOOP_ANALYSIS = YES;
				CLANG_WARN_STRICT_PROTOTYPES = YES;
				CLANG_WARN_SUSPICIOUS_MOVE = YES;
				CLANG_WARN_UNGUARDED_AVAILABILITY = YES_AGGRESSIVE;
				CLANG_WARN_UNREACHABLE_CODE = YES;
				CLANG_WARN__DUPLICATE_METHOD_MATCH = YES;
				COPY_PHASE_STRIP = NO;
				DEBUG_INFORMATION_FORMAT = dwarf;
				ENABLE_STRICT_OBJC_MSGSEND = YES;
				ENABLE_TESTABILITY = YES;
				GCC_C_LANGUAGE_STANDARD = gnu11;
				GCC_DYNAMIC_NO_PIC = NO;
				GCC_NO_COMMON_BLOCKS = YES;
				GCC_OPTIMIZATION_LEVEL = 0;
				GCC_PREPROCESSOR_DEFINITIONS = (
					"DEBUG=1",
					"$(inherited)",
				);
				GCC_WARN_64_TO_32_BIT_CONVERSION = YES;
				GCC_WARN_ABOUT_RETURN_TYPE = YES_ERROR;
				GCC_WARN_UNDECLARED_SELECTOR = YES;
				GCC_WARN_UNINITIALIZED_AUTOS = YES_AGGRESSIVE;
				GCC_WARN_UNUSED_FUNCTION = YES;
				GCC_WARN_UNUSED_VARIABLE = YES;
				IPHONEOS_DEPLOYMENT_TARGET = 13.2;
				MTL_ENABLE_DEBUG_INFO = INCLUDE_SOURCE;
				MTL_FAST_MATH = YES;
				ONLY_ACTIVE_ARCH = YES;
				SDKROOT = iphoneos;
				SWIFT_ACTIVE_COMPILATION_CONDITIONS = DEBUG;
				SWIFT_OPTIMIZATION_LEVEL = "-Onone";
			};
			name = Debug;
		};
		E2BF1A64245403E600C0029B /* Release */ = {
			isa = XCBuildConfiguration;
			buildSettings = {
				ALWAYS_SEARCH_USER_PATHS = NO;
				CLANG_ANALYZER_NONNULL = YES;
				CLANG_ANALYZER_NUMBER_OBJECT_CONVERSION = YES_AGGRESSIVE;
				CLANG_CXX_LANGUAGE_STANDARD = "gnu++14";
				CLANG_CXX_LIBRARY = "libc++";
				CLANG_ENABLE_MODULES = YES;
				CLANG_ENABLE_OBJC_ARC = YES;
				CLANG_ENABLE_OBJC_WEAK = YES;
				CLANG_WARN_BLOCK_CAPTURE_AUTORELEASING = YES;
				CLANG_WARN_BOOL_CONVERSION = YES;
				CLANG_WARN_COMMA = YES;
				CLANG_WARN_CONSTANT_CONVERSION = YES;
				CLANG_WARN_DEPRECATED_OBJC_IMPLEMENTATIONS = YES;
				CLANG_WARN_DIRECT_OBJC_ISA_USAGE = YES_ERROR;
				CLANG_WARN_DOCUMENTATION_COMMENTS = YES;
				CLANG_WARN_EMPTY_BODY = YES;
				CLANG_WARN_ENUM_CONVERSION = YES;
				CLANG_WARN_INFINITE_RECURSION = YES;
				CLANG_WARN_INT_CONVERSION = YES;
				CLANG_WARN_NON_LITERAL_NULL_CONVERSION = YES;
				CLANG_WARN_OBJC_IMPLICIT_RETAIN_SELF = YES;
				CLANG_WARN_OBJC_LITERAL_CONVERSION = YES;
				CLANG_WARN_OBJC_ROOT_CLASS = YES_ERROR;
				CLANG_WARN_RANGE_LOOP_ANALYSIS = YES;
				CLANG_WARN_STRICT_PROTOTYPES = YES;
				CLANG_WARN_SUSPICIOUS_MOVE = YES;
				CLANG_WARN_UNGUARDED_AVAILABILITY = YES_AGGRESSIVE;
				CLANG_WARN_UNREACHABLE_CODE = YES;
				CLANG_WARN__DUPLICATE_METHOD_MATCH = YES;
				COPY_PHASE_STRIP = NO;
				DEBUG_INFORMATION_FORMAT = "dwarf-with-dsym";
				ENABLE_NS_ASSERTIONS = NO;
				ENABLE_STRICT_OBJC_MSGSEND = YES;
				GCC_C_LANGUAGE_STANDARD = gnu11;
				GCC_NO_COMMON_BLOCKS = YES;
				GCC_WARN_64_TO_32_BIT_CONVERSION = YES;
				GCC_WARN_ABOUT_RETURN_TYPE = YES_ERROR;
				GCC_WARN_UNDECLARED_SELECTOR = YES;
				GCC_WARN_UNINITIALIZED_AUTOS = YES_AGGRESSIVE;
				GCC_WARN_UNUSED_FUNCTION = YES;
				GCC_WARN_UNUSED_VARIABLE = YES;
				IPHONEOS_DEPLOYMENT_TARGET = 13.2;
				MTL_ENABLE_DEBUG_INFO = NO;
				MTL_FAST_MATH = YES;
				SDKROOT = iphoneos;
				SWIFT_COMPILATION_MODE = wholemodule;
				SWIFT_OPTIMIZATION_LEVEL = "-O";
				VALIDATE_PRODUCT = YES;
			};
			name = Release;
		};
		E2BF1A66245403E600C0029B /* Debug */ = {
			isa = XCBuildConfiguration;
			buildSettings = {
				ASSETCATALOG_COMPILER_APPICON_NAME = AppIcon;
				CODE_SIGN_STYLE = Automatic;
				DEVELOPMENT_TEAM = 79V6N5F99N;
				INFOPLIST_FILE = InitalFlowDemo/Info.plist;
				LD_RUNPATH_SEARCH_PATHS = (
					"$(inherited)",
					"@executable_path/Frameworks",
				);
				PRODUCT_BUNDLE_IDENTIFIER = com.zgpeace.game.InitalFlowDemo;
				PRODUCT_NAME = "$(TARGET_NAME)";
				SWIFT_VERSION = 5.0;
				TARGETED_DEVICE_FAMILY = "1,2";
			};
			name = Debug;
		};
		E2BF1A67245403E600C0029B /* Release */ = {
			isa = XCBuildConfiguration;
			buildSettings = {
				ASSETCATALOG_COMPILER_APPICON_NAME = AppIcon;
				CODE_SIGN_STYLE = Automatic;
				DEVELOPMENT_TEAM = 79V6N5F99N;
				INFOPLIST_FILE = InitalFlowDemo/Info.plist;
				LD_RUNPATH_SEARCH_PATHS = (
					"$(inherited)",
					"@executable_path/Frameworks",
				);
				PRODUCT_BUNDLE_IDENTIFIER = com.zgpeace.game.InitalFlowDemo;
				PRODUCT_NAME = "$(TARGET_NAME)";
				SWIFT_VERSION = 5.0;
				TARGETED_DEVICE_FAMILY = "1,2";
			};
			name = Release;
		};
/* End XCBuildConfiguration section */

/* Begin XCConfigurationList section */
		E2BF1A4C245403E200C0029B /* Build configuration list for PBXProject "InitalFlowDemo" */ = {
			isa = XCConfigurationList;
			buildConfigurations = (
				E2BF1A63245403E600C0029B /* Debug */,
				E2BF1A64245403E600C0029B /* Release */,
			);
			defaultConfigurationIsVisible = 0;
			defaultConfigurationName = Release;
		};
		E2BF1A65245403E600C0029B /* Build configuration list for PBXNativeTarget "InitalFlowDemo" */ = {
			isa = XCConfigurationList;
			buildConfigurations = (
				E2BF1A66245403E600C0029B /* Debug */,
				E2BF1A67245403E600C0029B /* Release */,
			);
			defaultConfigurationIsVisible = 0;
			defaultConfigurationName = Release;
		};
/* End XCConfigurationList section */
	};
	rootObject = E2BF1A49245403E200C0029B /* Project object */;
}
